
Microsoft Visual Studio Solution File, Format Version 12.00
# Visual Studio Version 17
VisualStudioVersion = 17.2.32526.322
MinimumVisualStudioVersion = 10.0.40219.1
Project("{FAE04EC0-301F-11D3-BF4B-00C04F79EFBC}") = "cliente", "cliente\cliente.csproj", "{793257D8-64C0-4332-BCCC-9256865355D9}"
EndProject
Project("{FAE04EC0-301F-11D3-BF4B-00C04F79EFBC}") = "servidor", "servidor\servidor.csproj", "{6550DBF3-0653-487A-8AD4-D7E576FC2E2D}"
EndProject
Global
	GlobalSection(SolutionConfigurationPlatforms) = preSolution
		Debug|Any CPU = Debug|Any CPU
		Release|Any CPU = Release|Any CPU
	EndGlobalSection
	GlobalSection(ProjectConfigurationPlatforms) = postSolution
		{793257D8-64C0-4332-BCCC-9256865355D9}.Debug|Any CPU.ActiveCfg = Debug|Any CPU
		{793257D8-64C0-4332-BCCC-9256865355D9}.Debug|Any CPU.Build.0 = Debug|Any CPU
		{793257D8-64C0-4332-BCCC-9256865355D9}.Release|Any CPU.ActiveCfg = Release|Any CPU
		{793257D8-64C0-4332-BCCC-9256865355D9}.Release|Any CPU.Build.0 = Release|Any CPU
		{6550DBF3-0653-487A-8AD4-D7E576FC2E2D}.Debug|Any CPU.ActiveCfg = Debug|Any CPU
		{6550DBF3-0653-487A-8AD4-D7E576FC2E2D}.Debug|Any CPU.Build.0 = Debug|Any CPU
		{6550DBF3-0653-487A-8AD4-D7E576FC2E2D}.Release|Any CPU.ActiveCfg = Release|Any CPU
		{6550DBF3-0653-487A-8AD4-D7E576FC2E2D}.Release|Any CPU.Build.0 = Release|Any CPU
	EndGlobalSection
	GlobalSection(SolutionProperties) = preSolution
		HideSolutionNode = FALSE
	EndGlobalSection
	GlobalSection(ExtensibilityGlobals) = postSolution
		SolutionGuid = {D790F11B-0352-4C40-B30D-26B098D7F37D}
	EndGlobalSection
EndGlobal
